// !$*UTF8*$!
{
	archiveVersion = 1;
	classes = {
	};
	objectVersion = 50;
	objects = {

/* Begin PBXBuildFile section */
		A016B9DF20EA87C0000C79B7 /* Page.swift in Sources */ = {isa = PBXBuildFile; fileRef = A016B9DE20EA87C0000C79B7 /* Page.swift */; };
		A096638320E6BEF700CA9899 /* SwipingController.swift in Sources */ = {isa = PBXBuildFile; fileRef = A096638220E6BEF700CA9899 /* SwipingController.swift */; };
		A096638520E6C1A400CA9899 /* PageCell.swift in Sources */ = {isa = PBXBuildFile; fileRef = A096638420E6C1A400CA9899 /* PageCell.swift */; };
		A0997D7E20E564BA00E93054 /* AppDelegate.swift in Sources */ = {isa = PBXBuildFile; fileRef = A0997D7D20E564BA00E93054 /* AppDelegate.swift */; };
		A0997D8020E564BA00E93054 /* ViewController.swift in Sources */ = {isa = PBXBuildFile; fileRef = A0997D7F20E564BA00E93054 /* ViewController.swift */; };
		A0997D8320E564BA00E93054 /* Main.storyboard in Resources */ = {isa = PBXBuildFile; fileRef = A0997D8120E564BA00E93054 /* Main.storyboard */; };
		A0997D8520E564BB00E93054 /* Assets.xcassets in Resources */ = {isa = PBXBuildFile; fileRef = A0997D8420E564BB00E93054 /* Assets.xcassets */; };
		A0997D8820E564BB00E93054 /* LaunchScreen.storyboard in Resources */ = {isa = PBXBuildFile; fileRef = A0997D8620E564BB00E93054 /* LaunchScreen.storyboard */; };
/* End PBXBuildFile section */

/* Begin PBXFileReference section */
		A016B9DE20EA87C0000C79B7 /* Page.swift */ = {isa = PBXFileReference; lastKnownFileType = sourcecode.swift; path = Page.swift; sourceTree = "<group>"; };
		A096638220E6BEF700CA9899 /* SwipingController.swift */ = {isa = PBXFileReference; lastKnownFileType = sourcecode.swift; path = SwipingController.swift; sourceTree = "<group>"; };
		A096638420E6C1A400CA9899 /* PageCell.swift */ = {isa = PBXFileReference; lastKnownFileType = sourcecode.swift; path = PageCell.swift; sourceTree = "<group>"; };
		A0997D7A20E564BA00E93054 /* Auto Layout.app */ = {isa = PBXFileReference; explicitFileType = wrapper.application; includeInIndex = 0; path = "Auto Layout.app"; sourceTree = BUILT_PRODUCTS_DIR; };
		A0997D7D20E564BA00E93054 /* AppDelegate.swift */ = {isa = PBXFileReference; lastKnownFileType = sourcecode.swift; path = AppDelegate.swift; sourceTree = "<group>"; };
		A0997D7F20E564BA00E93054 /* ViewController.swift */ = {isa = PBXFileReference; lastKnownFileType = sourcecode.swift; path = ViewController.swift; sourceTree = "<group>"; };
		A0997D8220E564BA00E93054 /* Base */ = {isa = PBXFileReference; lastKnownFileType = file.storyboard; name = Base; path = Base.lproj/Main.storyboard; sourceTree = "<group>"; };
		A0997D8420E564BB00E93054 /* Assets.xcassets */ = {isa = PBXFileReference; lastKnownFileType = folder.assetcatalog; path = Assets.xcassets; sourceTree = "<group>"; };
		A0997D8720E564BB00E93054 /* Base */ = {isa = PBXFileReference; lastKnownFileType = file.storyboard; name = Base; path = Base.lproj/LaunchScreen.storyboard; sourceTree = "<group>"; };
		A0997D8920E564BB00E93054 /* Info.plist */ = {isa = PBXFileReference; lastKnownFileType = text.plist.xml; path = Info.plist; sourceTree = "<group>"; };
/* End PBXFileReference section */

/* Begin PBXFrameworksBuildPhase section */
		A0997D7720E564BA00E93054 /* Frameworks */ = {
			isa = PBXFrameworksBuildPhase;
			buildActionMask = 2147483647;
			files = (
			);
			runOnlyForDeploymentPostprocessing = 0;
		};
/* End PBXFrameworksBuildPhase section */

/* Begin PBXGroup section */
		A016B9E020EA88E9000C79B7 /* Model */ = {
			isa = PBXGroup;
			children = (
				A016B9DE20EA87C0000C79B7 /* Page.swift */,
			);
			path = Model;
			sourceTree = "<group>";
		};
		A016B9E120EA88F3000C79B7 /* Controller */ = {
			isa = PBXGroup;
			children = (
				A0997D7F20E564BA00E93054 /* ViewController.swift */,
				A096638220E6BEF700CA9899 /* SwipingController.swift */,
			);
			path = Controller;
			sourceTree = "<group>";
		};
		A016B9E220EA8903000C79B7 /* View */ = {
			isa = PBXGroup;
			children = (
				A096638420E6C1A400CA9899 /* PageCell.swift */,
			);
			path = View;
			sourceTree = "<group>";
		};
		A0997D7120E564BA00E93054 = {
			isa = PBXGroup;
			children = (
				A0997D7C20E564BA00E93054 /* Auto Layout */,
				A0997D7B20E564BA00E93054 /* Products */,
			);
			sourceTree = "<group>";
		};
		A0997D7B20E564BA00E93054 /* Products */ = {
			isa = PBXGroup;
			children = (
				A0997D7A20E564BA00E93054 /* Auto Layout.app */,
			);
			name = Products;
			sourceTree = "<group>";
		};
		A0997D7C20E564BA00E93054 /* Auto Layout */ = {
			isa = PBXGroup;
			children = (
				A016B9E220EA8903000C79B7 /* View */,
				A016B9E120EA88F3000C79B7 /* Controller */,
				A016B9E020EA88E9000C79B7 /* Model */,
				A0997D7D20E564BA00E93054 /* AppDelegate.swift */,
				A0997D8120E564BA00E93054 /* Main.storyboard */,
				A0997D8420E564BB00E93054 /* Assets.xcassets */,
				A0997D8620E564BB00E93054 /* LaunchScreen.storyboard */,
				A0997D8920E564BB00E93054 /* Info.plist */,
			);
			path = "Auto Layout";
			sourceTree = "<group>";
		};
/* End PBXGroup section */

/* Begin PBXNativeTarget section */
		A0997D7920E564BA00E93054 /* Auto Layout */ = {
			isa = PBXNativeTarget;
			buildConfigurationList = A0997D8C20E564BB00E93054 /* Build configuration list for PBXNativeTarget "Auto Layout" */;
			buildPhases = (
				A0997D7620E564BA00E93054 /* Sources */,
				A0997D7720E564BA00E93054 /* Frameworks */,
				A0997D7820E564BA00E93054 /* Resources */,
			);
			buildRules = (
			);
			dependencies = (
			);
			name = "Auto Layout";
			productName = "Auto Layout";
			productReference = A0997D7A20E564BA00E93054 /* Auto Layout.app */;
			productType = "com.apple.product-type.application";
		};
/* End PBXNativeTarget section */

/* Begin PBXProject section */
		A0997D7220E564BA00E93054 /* Project object */ = {
			isa = PBXProject;
			attributes = {
				LastSwiftUpdateCheck = 0940;
				LastUpgradeCheck = 0940;
				ORGANIZATIONNAME = "Felix Lin";
				TargetAttributes = {
					A0997D7920E564BA00E93054 = {
						CreatedOnToolsVersion = 9.4.1;
					};
				};
			};
			buildConfigurationList = A0997D7520E564BA00E93054 /* Build configuration list for PBXProject "Auto Layout" */;
			compatibilityVersion = "Xcode 9.3";
			developmentRegion = en;
			hasScannedForEncodings = 0;
			knownRegions = (
				en,
				Base,
			);
			mainGroup = A0997D7120E564BA00E93054;
			productRefGroup = A0997D7B20E564BA00E93054 /* Products */;
			projectDirPath = "";
			projectRoot = "";
			targets = (
				A0997D7920E564BA00E93054 /* Auto Layout */,
			);
		};
/* End PBXProject section */

/* Begin PBXResourcesBuildPhase section */
		A0997D7820E564BA00E93054 /* Resources */ = {
			isa = PBXResourcesBuildPhase;
			buildActionMask = 2147483647;
			files = (
				A0997D8820E564BB00E93054 /* LaunchScreen.storyboard in Resources */,
				A0997D8520E564BB00E93054 /* Assets.xcassets in Resources */,
				A0997D8320E564BA00E93054 /* Main.storyboard in Resources */,
			);
			runOnlyForDeploymentPostprocessing = 0;
		};
/* End PBXResourcesBuildPhase section */

/* Begin PBXSourcesBuildPhase section */
		A0997D7620E564BA00E93054 /* Sources */ = {
			isa = PBXSourcesBuildPhase;
			buildActionMask = 2147483647;
			files = (
				A0997D8020E564BA00E93054 /* ViewController.swift in Sources */,
				A0997D7E20E564BA00E93054 /* AppDelegate.swift in Sources */,
				A096638520E6C1A400CA9899 /* PageCell.swift in Sources */,
				A096638320E6BEF700CA9899 /* SwipingController.swift in Sources */,
				A016B9DF20EA87C0000C79B7 /* Page.swift in Sources */,
			);
			runOnlyForDeploymentPostprocessing = 0;
		};
/* End PBXSourcesBuildPhase section */

/* Begin PBXVariantGroup section */
		A0997D8120E564BA00E93054 /* Main.storyboard */ = {
			isa = PBXVariantGroup;
			children = (
				A0997D8220E564BA00E93054 /* Base */,
			);
			name = Main.storyboard;
			sourceTree = "<group>";
		};
		A0997D8620E564BB00E93054 /* LaunchScreen.storyboard */ = {
			isa = PBXVariantGroup;
			children = (
				A0997D8720E564BB00E93054 /* Base */,
			);
			name = LaunchScreen.storyboard;
			sourceTree = "<group>";
		};
/* End PBXVariantGroup section */

/* Begin XCBuildConfiguration section */
		A0997D8A20E564BB00E93054 /* Debug */ = {
			isa = XCBuildConfiguration;
			buildSettings = {
				ALWAYS_SEARCH_USER_PATHS = NO;
				CLANG_ANALYZER_NONNULL = YES;
				CLANG_ANALYZER_NUMBER_OBJECT_CONVERSION = YES_AGGRESSIVE;
				CLANG_CXX_LANGUAGE_STANDARD = "gnu++14";
				CLANG_CXX_LIBRARY = "libc++";
				CLANG_ENABLE_MODULES = YES;
				CLANG_ENABLE_OBJC_ARC = YES;
				CLANG_ENABLE_OBJC_WEAK = YES;
				CLANG_WARN_BLOCK_CAPTURE_AUTORELEASING = YES;
				CLANG_WARN_BOOL_CONVERSION = YES;
				CLANG_WARN_COMMA = YES;
				CLANG_WARN_CONSTANT_CONVERSION = YES;
				CLANG_WARN_DEPRECATED_OBJC_IMPLEMENTATIONS = YES;
				CLANG_WARN_DIRECT_OBJC_ISA_USAGE = YES_ERROR;
				CLANG_WARN_DOCUMENTATION_COMMENTS = YES;
				CLANG_WARN_EMPTY_BODY = YES;
				CLANG_WARN_ENUM_CONVERSION = YES;
				CLANG_WARN_INFINITE_RECURSION = YES;
				CLANG_WARN_INT_CONVERSION = YES;
				CLANG_WARN_NON_LITERAL_NULL_CONVERSION = YES;
				CLANG_WARN_OBJC_IMPLICIT_RETAIN_SELF = YES;
				CLANG_WARN_OBJC_LITERAL_CONVERSION = YES;
				CLANG_WARN_OBJC_ROOT_CLASS = YES_ERROR;
				CLANG_WARN_RANGE_LOOP_ANALYSIS = YES;
				CLANG_WARN_STRICT_PROTOTYPES = YES;
				CLANG_WARN_SUSPICIOUS_MOVE = YES;
				CLANG_WARN_UNGUARDED_AVAILABILITY = YES_AGGRESSIVE;
				CLANG_WARN_UNREACHABLE_CODE = YES;
				CLANG_WARN__DUPLICATE_METHOD_MATCH = YES;
				CODE_SIGN_IDENTITY = "iPhone Developer";
				COPY_PHASE_STRIP = NO;
				DEBUG_INFORMATION_FORMAT = dwarf;
				ENABLE_STRICT_OBJC_MSGSEND = YES;
				ENABLE_TESTABILITY = YES;
				GCC_C_LANGUAGE_STANDARD = gnu11;
				GCC_DYNAMIC_NO_PIC = NO;
				GCC_NO_COMMON_BLOCKS = YES;
				GCC_OPTIMIZATION_LEVEL = 0;
				GCC_PREPROCESSOR_DEFINITIONS = (
					"DEBUG=1",
					"$(inherited)",
				);
				GCC_WARN_64_TO_32_BIT_CONVERSION = YES;
				GCC_WARN_ABOUT_RETURN_TYPE = YES_ERROR;
				GCC_WARN_UNDECLARED_SELECTOR = YES;
				GCC_WARN_UNINITIALIZED_AUTOS = YES_AGGRESSIVE;
				GCC_WARN_UNUSED_FUNCTION = YES;
				GCC_WARN_UNUSED_VARIABLE = YES;
				IPHONEOS_DEPLOYMENT_TARGET = 11.4;
				MTL_ENABLE_DEBUG_INFO = YES;
				ONLY_ACTIVE_ARCH = YES;
				SDKROOT = iphoneos;
				SWIFT_ACTIVE_COMPILATION_CONDITIONS = DEBUG;
				SWIFT_OPTIMIZATION_LEVEL = "-Onone";
			};
			name = Debug;
		};
		A0997D8B20E564BB00E93054 /* Release */ = {
			isa = XCBuildConfiguration;
			buildSettings = {
				ALWAYS_SEARCH_USER_PATHS = NO;
				CLANG_ANALYZER_NONNULL = YES;
				CLANG_ANALYZER_NUMBER_OBJECT_CONVERSION = YES_AGGRESSIVE;
				CLANG_CXX_LANGUAGE_STANDARD = "gnu++14";
				CLANG_CXX_LIBRARY = "libc++";
				CLANG_ENABLE_MODULES = YES;
				CLANG_ENABLE_OBJC_ARC = YES;
				CLANG_ENABLE_OBJC_WEAK = YES;
				CLANG_WARN_BLOCK_CAPTURE_AUTORELEASING = YES;
				CLANG_WARN_BOOL_CONVERSION = YES;
				CLANG_WARN_COMMA = YES;
				CLANG_WARN_CONSTANT_CONVERSION = YES;
				CLANG_WARN_DEPRECATED_OBJC_IMPLEMENTATIONS = YES;
				CLANG_WARN_DIRECT_OBJC_ISA_USAGE = YES_ERROR;
				CLANG_WARN_DOCUMENTATION_COMMENTS = YES;
				CLANG_WARN_EMPTY_BODY = YES;
				CLANG_WARN_ENUM_CONVERSION = YES;
				CLANG_WARN_INFINITE_RECURSION = YES;
				CLANG_WARN_INT_CONVERSION = YES;
				CLANG_WARN_NON_LITERAL_NULL_CONVERSION = YES;
				CLANG_WARN_OBJC_IMPLICIT_RETAIN_SELF = YES;
				CLANG_WARN_OBJC_LITERAL_CONVERSION = YES;
				CLANG_WARN_OBJC_ROOT_CLASS = YES_ERROR;
				CLANG_WARN_RANGE_LOOP_ANALYSIS = YES;
				CLANG_WARN_STRICT_PROTOTYPES = YES;
				CLANG_WARN_SUSPICIOUS_MOVE = YES;
				CLANG_WARN_UNGUARDED_AVAILABILITY = YES_AGGRESSIVE;
				CLANG_WARN_UNREACHABLE_CODE = YES;
				CLANG_WARN__DUPLICATE_METHOD_MATCH = YES;
				CODE_SIGN_IDENTITY = "iPhone Developer";
				COPY_PHASE_STRIP = NO;
				DEBUG_INFORMATION_FORMAT = "dwarf-with-dsym";
				ENABLE_NS_ASSERTIONS = NO;
				ENABLE_STRICT_OBJC_MSGSEND = YES;
				GCC_C_LANGUAGE_STANDARD = gnu11;
				GCC_NO_COMMON_BLOCKS = YES;
				GCC_WARN_64_TO_32_BIT_CONVERSION = YES;
				GCC_WARN_ABOUT_RETURN_TYPE = YES_ERROR;
				GCC_WARN_UNDECLARED_SELECTOR = YES;
				GCC_WARN_UNINITIALIZED_AUTOS = YES_AGGRESSIVE;
				GCC_WARN_UNUSED_FUNCTION = YES;
				GCC_WARN_UNUSED_VARIABLE = YES;
				IPHONEOS_DEPLOYMENT_TARGET = 11.4;
				MTL_ENABLE_DEBUG_INFO = NO;
				SDKROOT = iphoneos;
				SWIFT_COMPILATION_MODE = wholemodule;
				SWIFT_OPTIMIZATION_LEVEL = "-O";
				VALIDATE_PRODUCT = YES;
			};
			name = Release;
		};
		A0997D8D20E564BB00E93054 /* Debug */ = {
			isa = XCBuildConfiguration;
			buildSettings = {
				ASSETCATALOG_COMPILER_APPICON_NAME = AppIcon;
				CODE_SIGN_STYLE = Automatic;
				DEVELOPMENT_TEAM = KX2VYW399T;
				INFOPLIST_FILE = "Auto Layout/Info.plist";
				LD_RUNPATH_SEARCH_PATHS = (
					"$(inherited)",
					"@executable_path/Frameworks",
				);
				PRODUCT_BUNDLE_IDENTIFIER = "com.felix.Auto-Layout";
				PRODUCT_NAME = "$(TARGET_NAME)";
				SWIFT_VERSION = 4.0;
				TARGETED_DEVICE_FAMILY = "1,2";
			};
			name = Debug;
		};
		A0997D8E20E564BB00E93054 /* Release */ = {
			isa = XCBuildConfiguration;
			buildSettings = {
				ASSETCATALOG_COMPILER_APPICON_NAME = AppIcon;
				CODE_SIGN_STYLE = Automatic;
				DEVELOPMENT_TEAM = KX2VYW399T;
				INFOPLIST_FILE = "Auto Layout/Info.plist";
				LD_RUNPATH_SEARCH_PATHS = (
					"$(inherited)",
					"@executable_path/Frameworks",
				);
				PRODUCT_BUNDLE_IDENTIFIER = "com.felix.Auto-Layout";
				PRODUCT_NAME = "$(TARGET_NAME)";
				SWIFT_VERSION = 4.0;
				TARGETED_DEVICE_FAMILY = "1,2";
			};
			name = Release;
		};
/* End XCBuildConfiguration section */

/* Begin XCConfigurationList section */
		A0997D7520E564BA00E93054 /* Build configuration list for PBXProject "Auto Layout" */ = {
			isa = XCConfigurationList;
			buildConfigurations = (
				A0997D8A20E564BB00E93054 /* Debug */,
				A0997D8B20E564BB00E93054 /* Release */,
			);
			defaultConfigurationIsVisible = 0;
			defaultConfigurationName = Release;
		};
		A0997D8C20E564BB00E93054 /* Build configuration list for PBXNativeTarget "Auto Layout" */ = {
			isa = XCConfigurationList;
			buildConfigurations = (
				A0997D8D20E564BB00E93054 /* Debug */,
				A0997D8E20E564BB00E93054 /* Release */,
			);
			defaultConfigurationIsVisible = 0;
			defaultConfigurationName = Release;
		};
/* End XCConfigurationList section */
	};
	rootObject = A0997D7220E564BA00E93054 /* Project object */;
}
